
Microsoft Visual Studio Solution File, Format Version 12.00
# Visual Studio Version 16
VisualStudioVersion = 16.0.30225.117
MinimumVisualStudioVersion = 10.0.40219.1
Project("{FAE04EC0-301F-11D3-BF4B-00C04F79EFBC}") = "DemoFlix", "DemoFlix\DemoFlix.csproj", "{7041B39B-F0BB-4AC8-8454-4D69D84A1B67}"
EndProject
Global
	GlobalSection(SolutionConfigurationPlatforms) = preSolution
		Debug|Any CPU = Debug|Any CPU
		Release|Any CPU = Release|Any CPU
	EndGlobalSection
	GlobalSection(ProjectConfigurationPlatforms) = postSolution
		{7041B39B-F0BB-4AC8-8454-4D69D84A1B67}.Debug|Any CPU.ActiveCfg = Debug|Any CPU
		{7041B39B-F0BB-4AC8-8454-4D69D84A1B67}.Debug|Any CPU.Build.0 = Debug|Any CPU
		{7041B39B-F0BB-4AC8-8454-4D69D84A1B67}.Release|Any CPU.ActiveCfg = Release|Any CPU
		{7041B39B-F0BB-4AC8-8454-4D69D84A1B67}.Release|Any CPU.Build.0 = Release|Any CPU
	EndGlobalSection
	GlobalSection(SolutionProperties) = preSolution
		HideSolutionNode = FALSE
	EndGlobalSection
	GlobalSection(ExtensibilityGlobals) = postSolution
		SolutionGuid = {28154E96-31D5-4AF6-BDFD-D62118AFBA9D}
	EndGlobalSection
EndGlobal
